
Microsoft Visual Studio Solution File, Format Version 12.00
# Visual Studio Version 17
VisualStudioVersion = 17.0.31903.59
MinimumVisualStudioVersion = 10.0.40219.1
Project("{2150E333-8FDC-42A3-9474-1A3956D46DE8}") = "ControlStructures-Step1", "ControlStructures-Step1", "{2676B2D3-BE2C-3218-1339-E0033E649D86}"
EndProject
Project("{FAE04EC0-301F-11D3-BF4B-00C04F79EFBC}") = "ControlStructures-Step1", "ControlStructures-Step1\ControlStructures-Step1\ControlStructures-Step1.csproj", "{51F6DC68-C78C-480E-8748-CF84F933726A}"
EndProject
Project("{2150E333-8FDC-42A3-9474-1A3956D46DE8}") = "ControlStructures-Step2", "ControlStructures-Step2", "{6131C16D-5C17-78E5-33DE-4DBF0211B311}"
EndProject
Project("{FAE04EC0-301F-11D3-BF4B-00C04F79EFBC}") = "ControlStructures-Step2", "ControlStructures-Step2\ControlStructures-Step2\ControlStructures-Step2.csproj", "{E972A384-D888-4B06-9A3E-37AD33D13B39}"
EndProject
Project("{2150E333-8FDC-42A3-9474-1A3956D46DE8}") = "RepetitiveTasksLoop-Step1", "RepetitiveTasksLoop-Step1", "{29EDAE38-71BE-5508-9F7B-D15E72176F72}"
EndProject
Project("{FAE04EC0-301F-11D3-BF4B-00C04F79EFBC}") = "RepetitiveTasksLoop-Step1", "RepetitiveTasksLoop-Step1\RepetitiveTasksLoop-Step1\RepetitiveTasksLoop-Step1.csproj", "{CCC70A95-7173-409C-87EC-8E7A266DE544}"
EndProject
Project("{2150E333-8FDC-42A3-9474-1A3956D46DE8}") = "RepetitiveTasksLoop-Step2", "RepetitiveTasksLoop-Step2", "{4062C77F-B7A7-D7C3-557F-AAFDAC896029}"
EndProject
Project("{FAE04EC0-301F-11D3-BF4B-00C04F79EFBC}") = "RepetitiveTasksLoop-Step2", "RepetitiveTasksLoop-Step2\RepetitiveTasksLoop-Step2\RepetitiveTasksLoop-Step2.csproj", "{1BA00F4C-C400-41B3-9119-E252C05D5C9A}"
EndProject
Global
	GlobalSection(SolutionConfigurationPlatforms) = preSolution
		Debug|Any CPU = Debug|Any CPU
		Debug|x64 = Debug|x64
		Debug|x86 = Debug|x86
		Release|Any CPU = Release|Any CPU
		Release|x64 = Release|x64
		Release|x86 = Release|x86
	EndGlobalSection
	GlobalSection(ProjectConfigurationPlatforms) = postSolution
		{51F6DC68-C78C-480E-8748-CF84F933726A}.Debug|Any CPU.ActiveCfg = Debug|Any CPU
		{51F6DC68-C78C-480E-8748-CF84F933726A}.Debug|Any CPU.Build.0 = Debug|Any CPU
		{51F6DC68-C78C-480E-8748-CF84F933726A}.Debug|x64.ActiveCfg = Debug|Any CPU
		{51F6DC68-C78C-480E-8748-CF84F933726A}.Debug|x64.Build.0 = Debug|Any CPU
		{51F6DC68-C78C-480E-8748-CF84F933726A}.Debug|x86.ActiveCfg = Debug|Any CPU
		{51F6DC68-C78C-480E-8748-CF84F933726A}.Debug|x86.Build.0 = Debug|Any CPU
		{51F6DC68-C78C-480E-8748-CF84F933726A}.Release|Any CPU.ActiveCfg = Release|Any CPU
		{51F6DC68-C78C-480E-8748-CF84F933726A}.Release|Any CPU.Build.0 = Release|Any CPU
		{51F6DC68-C78C-480E-8748-CF84F933726A}.Release|x64.ActiveCfg = Release|Any CPU
		{51F6DC68-C78C-480E-8748-CF84F933726A}.Release|x64.Build.0 = Release|Any CPU
		{51F6DC68-C78C-480E-8748-CF84F933726A}.Release|x86.ActiveCfg = Release|Any CPU
		{51F6DC68-C78C-480E-8748-CF84F933726A}.Release|x86.Build.0 = Release|Any CPU
		{E972A384-D888-4B06-9A3E-37AD33D13B39}.Debug|Any CPU.ActiveCfg = Debug|Any CPU
		{E972A384-D888-4B06-9A3E-37AD33D13B39}.Debug|Any CPU.Build.0 = Debug|Any CPU
		{E972A384-D888-4B06-9A3E-37AD33D13B39}.Debug|x64.ActiveCfg = Debug|Any CPU
		{E972A384-D888-4B06-9A3E-37AD33D13B39}.Debug|x64.Build.0 = Debug|Any CPU
		{E972A384-D888-4B06-9A3E-37AD33D13B39}.Debug|x86.ActiveCfg = Debug|Any CPU
		{E972A384-D888-4B06-9A3E-37AD33D13B39}.Debug|x86.Build.0 = Debug|Any CPU
		{E972A384-D888-4B06-9A3E-37AD33D13B39}.Release|Any CPU.ActiveCfg = Release|Any CPU
		{E972A384-D888-4B06-9A3E-37AD33D13B39}.Release|Any CPU.Build.0 = Release|Any CPU
		{E972A384-D888-4B06-9A3E-37AD33D13B39}.Release|x64.ActiveCfg = Release|Any CPU
		{E972A384-D888-4B06-9A3E-37AD33D13B39}.Release|x64.Build.0 = Release|Any CPU
		{E972A384-D888-4B06-9A3E-37AD33D13B39}.Release|x86.ActiveCfg = Release|Any CPU
		{E972A384-D888-4B06-9A3E-37AD33D13B39}.Release|x86.Build.0 = Release|Any CPU
		{CCC70A95-7173-409C-87EC-8E7A266DE544}.Debug|Any CPU.ActiveCfg = Debug|Any CPU
		{CCC70A95-7173-409C-87EC-8E7A266DE544}.Debug|Any CPU.Build.0 = Debug|Any CPU
		{CCC70A95-7173-409C-87EC-8E7A266DE544}.Debug|x64.ActiveCfg = Debug|Any CPU
		{CCC70A95-7173-409C-87EC-8E7A266DE544}.Debug|x64.Build.0 = Debug|Any CPU
		{CCC70A95-7173-409C-87EC-8E7A266DE544}.Debug|x86.ActiveCfg = Debug|Any CPU
		{CCC70A95-7173-409C-87EC-8E7A266DE544}.Debug|x86.Build.0 = Debug|Any CPU
		{CCC70A95-7173-409C-87EC-8E7A266DE544}.Release|Any CPU.ActiveCfg = Release|Any CPU
		{CCC70A95-7173-409C-87EC-8E7A266DE544}.Release|Any CPU.Build.0 = Release|Any CPU
		{CCC70A95-7173-409C-87EC-8E7A266DE544}.Release|x64.ActiveCfg = Release|Any CPU
		{CCC70A95-7173-409C-87EC-8E7A266DE544}.Release|x64.Build.0 = Release|Any CPU
		{CCC70A95-7173-409C-87EC-8E7A266DE544}.Release|x86.ActiveCfg = Release|Any CPU
		{CCC70A95-7173-409C-87EC-8E7A266DE544}.Release|x86.Build.0 = Release|Any CPU
		{1BA00F4C-C400-41B3-9119-E252C05D5C9A}.Debug|Any CPU.ActiveCfg = Debug|Any CPU
		{1BA00F4C-C400-41B3-9119-E252C05D5C9A}.Debug|Any CPU.Build.0 = Debug|Any CPU
		{1BA00F4C-C400-41B3-9119-E252C05D5C9A}.Debug|x64.ActiveCfg = Debug|Any CPU
		{1BA00F4C-C400-41B3-9119-E252C05D5C9A}.Debug|x64.Build.0 = Debug|Any CPU
		{1BA00F4C-C400-41B3-9119-E252C05D5C9A}.Debug|x86.ActiveCfg = Debug|Any CPU
		{1BA00F4C-C400-41B3-9119-E252C05D5C9A}.Debug|x86.Build.0 = Debug|Any CPU
		{1BA00F4C-C400-41B3-9119-E252C05D5C9A}.Release|Any CPU.ActiveCfg = Release|Any CPU
		{1BA00F4C-C400-41B3-9119-E252C05D5C9A}.Release|Any CPU.Build.0 = Release|Any CPU
		{1BA00F4C-C400-41B3-9119-E252C05D5C9A}.Release|x64.ActiveCfg = Release|Any CPU
		{1BA00F4C-C400-41B3-9119-E252C05D5C9A}.Release|x64.Build.0 = Release|Any CPU
		{1BA00F4C-C400-41B3-9119-E252C05D5C9A}.Release|x86.ActiveCfg = Release|Any CPU
		{1BA00F4C-C400-41B3-9119-E252C05D5C9A}.Release|x86.Build.0 = Release|Any CPU
	EndGlobalSection
	GlobalSection(SolutionProperties) = preSolution
		HideSolutionNode = FALSE
	EndGlobalSection
	GlobalSection(NestedProjects) = preSolution
		{51F6DC68-C78C-480E-8748-CF84F933726A} = {2676B2D3-BE2C-3218-1339-E0033E649D86}
		{E972A384-D888-4B06-9A3E-37AD33D13B39} = {6131C16D-5C17-78E5-33DE-4DBF0211B311}
		{CCC70A95-7173-409C-87EC-8E7A266DE544} = {29EDAE38-71BE-5508-9F7B-D15E72176F72}
		{1BA00F4C-C400-41B3-9119-E252C05D5C9A} = {4062C77F-B7A7-D7C3-557F-AAFDAC896029}
	EndGlobalSection
EndGlobal
